{
  "name": "cocoon-master",
  "version": "2.5.42",
  "lockfileVersion": 1,
  "requires": true,
  "dependencies": {
    "@prettier/plugin-php": {
      "version": "0.19.2",
      "resolved": "https://registry.npmjs.org/@prettier/plugin-php/-/plugin-php-0.19.2.tgz",
      "integrity": "sha512-j4Io//Js9ajKP7vgjKpS0rS8B/HKIJxutUshlbCpXvsP8Cz28MYp2VFJytpS9zyLEfsMPXordNWjkBVvHRL7ow==",
      "dev": true,
      "requires": {
        "linguist-languages": "^7.21.0",
        "mem": "^8.0.0",
        "php-parser": "^3.1.2"
      }
    },
    "@wordpress/prettier-config": {
      "version": "2.6.0",
      "resolved": "https://registry.npmjs.org/@wordpress/prettier-config/-/prettier-config-2.6.0.tgz",
      "integrity": "sha512-yvs/GhA1HTpgh1gA7sp0yDxRgvXYDvyTgFSIgCBkYYKyNnynED/D140BJjS4s4LGqdCFfEmcib/DHxL5HTWJ4g=="
    },
    "ansi-styles": {
      "version": "1.0.0",
      "resolved": "https://registry.npmjs.org/ansi-styles/-/ansi-styles-1.0.0.tgz",
      "integrity": "sha512-3iF4FIKdxaVYT3JqQuY3Wat/T2t7TRbbQ94Fu50ZUCbLy4TFbTzr90NOHQodQkNqmeEGCw8WbeP78WNi6SKYUA==",
      "dev": true
    },
    "chalk": {
      "version": "0.4.0",
      "resolved": "https://registry.npmjs.org/chalk/-/chalk-0.4.0.tgz",
      "integrity": "sha512-sQfYDlfv2DGVtjdoQqxS0cEZDroyG8h6TamA6rvxwlrU5BaSLDx9xhatBYl2pxZ7gmpNaPFVwBtdGdu5rQ+tYQ==",
      "dev": true,
      "requires": {
        "ansi-styles": "~1.0.0",
        "has-color": "~0.1.0",
        "strip-ansi": "~0.1.0"
      }
    },
    "encoding": {
      "version": "0.1.13",
      "resolved": "https://registry.npmjs.org/encoding/-/encoding-0.1.13.tgz",
      "integrity": "sha512-ETBauow1T35Y/WZMkio9jiM0Z5xjHHmJ4XmjZOq1l/dXz3lr2sRn87nJy20RupqSh1F2m3HHPSp8ShIPQJrJ3A==",
      "dev": true,
      "requires": {
        "iconv-lite": "^0.6.2"
      }
    },
    "gettext-parser": {
      "version": "1.1.0",
      "resolved": "https://registry.npmjs.org/gettext-parser/-/gettext-parser-1.1.0.tgz",
      "integrity": "sha512-zL3eayB0jF+cr6vogH/VJKoKcj7uQj2TPByaaj6a4k/3elk9iq7fiwCM2FqdzS/umo021RetSanVisarzeb9Wg==",
      "dev": true,
      "requires": {
        "encoding": "^0.1.11"
      }
    },
    "has-color": {
      "version": "0.1.7",
      "resolved": "https://registry.npmjs.org/has-color/-/has-color-0.1.7.tgz",
      "integrity": "sha512-kaNz5OTAYYmt646Hkqw50/qyxP2vFnTVu5AQ1Zmk22Kk5+4Qx6BpO8+u7IKsML5fOsFk0ZT0AcCJNYwcvaLBvw==",
      "dev": true
    },
    "iconv-lite": {
      "version": "0.6.3",
      "resolved": "https://registry.npmjs.org/iconv-lite/-/iconv-lite-0.6.3.tgz",
      "integrity": "sha512-4fCk79wshMdzMp2rH06qWrJE4iolqLhCUH+OiuIgU++RB0+94NlDL81atO7GX55uUKueo0txHNtvEyI6D7WdMw==",
      "dev": true,
      "requires": {
        "safer-buffer": ">= 2.1.2 < 3.0.0"
      }
    },
    "linguist-languages": {
      "version": "7.21.0",
      "resolved": "https://registry.npmjs.org/linguist-languages/-/linguist-languages-7.21.0.tgz",
      "integrity": "sha512-KrWJJbFOvlDhjlt5OhUipVlXg+plUfRurICAyij1ZVxQcqPt/zeReb9KiUVdGUwwhS/2KS9h3TbyfYLA5MDlxQ==",
      "dev": true
    },
    "map-age-cleaner": {
      "version": "0.1.3",
      "resolved": "https://registry.npmjs.org/map-age-cleaner/-/map-age-cleaner-0.1.3.tgz",
      "integrity": "sha512-bJzx6nMoP6PDLPBFmg7+xRKeFZvFboMrGlxmNj9ClvX53KrmvM5bXFXEWjbz4cz1AFn+jWJ9z/DJSz7hrs0w3w==",
      "dev": true,
      "requires": {
        "p-defer": "^1.0.0"
      }
    },
    "mem": {
      "version": "8.1.1",
      "resolved": "https://registry.npmjs.org/mem/-/mem-8.1.1.tgz",
      "integrity": "sha512-qFCFUDs7U3b8mBDPyz5EToEKoAkgCzqquIgi9nkkR9bixxOVOre+09lbuH7+9Kn2NFpm56M3GUWVbU2hQgdACA==",
      "dev": true,
      "requires": {
        "map-age-cleaner": "^0.1.3",
        "mimic-fn": "^3.1.0"
      }
    },
    "mimic-fn": {
      "version": "3.1.0",
      "resolved": "https://registry.npmjs.org/mimic-fn/-/mimic-fn-3.1.0.tgz",
      "integrity": "sha512-Ysbi9uYW9hFyfrThdDEQuykN4Ey6BuwPD2kpI5ES/nFTDn/98yxYNLZJcgUAKPT/mcrLLKaGzJR9YVxJrIdASQ==",
      "dev": true
    },
    "nomnom": {
      "version": "1.8.1",
      "resolved": "https://registry.npmjs.org/nomnom/-/nomnom-1.8.1.tgz",
      "integrity": "sha512-5s0JxqhDx9/rksG2BTMVN1enjWSvPidpoSgViZU4ZXULyTe+7jxcCRLB6f42Z0l1xYJpleCBtSyY6Lwg3uu5CQ==",
      "dev": true,
      "requires": {
        "chalk": "~0.4.0",
        "underscore": "~1.6.0"
      }
    },
    "p-defer": {
      "version": "1.0.0",
      "resolved": "https://registry.npmjs.org/p-defer/-/p-defer-1.0.0.tgz",
      "integrity": "sha512-wB3wfAxZpk2AzOfUMJNL+d36xothRSyj8EXOa4f6GMqYDN9BJaaSISbsk+wS9abmnebVw95C2Kb5t85UmpCxuw==",
      "dev": true
    },
    "php-parser": {
      "version": "3.1.2",
      "resolved": "https://registry.npmjs.org/php-parser/-/php-parser-3.1.2.tgz",
      "integrity": "sha512-RRCMK/bCKYPLRhlpfMlVVVsaIesuW+X6UxRqWjm7dTAmTZk8PvD6hCmG/RVeDzse7iqYWJwLJeqEbaGLC+aHeQ==",
      "dev": true
    },
    "po2json": {
      "version": "0.4.5",
      "resolved": "https://registry.npmjs.org/po2json/-/po2json-0.4.5.tgz",
      "integrity": "sha512-JH0hgi1fC0t9UvdiyS7kcVly0N1WNey4R2YZ/jPaxQKYm6Cfej7ZTgiEy8LP2JwoEhONceiNS8JH5mWPQkiXeA==",
      "dev": true,
      "requires": {
        "gettext-parser": "1.1.0",
        "nomnom": "1.8.1"
      }
    },
    "prettier": {
      "version": "npm:wp-prettier@2.6.2",
      "resolved": "https://registry.npmjs.org/wp-prettier/-/wp-prettier-2.6.2.tgz",
      "integrity": "sha512-AV33EzqiFJ3fj+mPlKABN59YFPReLkDxQnj067Z3uEOeRQf3g05WprL0RDuqM7UBhSRo9W1rMSC2KvZmjE5UOA==",
      "dev": true
    },
    "run-script-os": {
      "version": "1.1.6",
      "resolved": "https://registry.npmjs.org/run-script-os/-/run-script-os-1.1.6.tgz",
      "integrity": "sha512-ql6P2LzhBTTDfzKts+Qo4H94VUKpxKDFz6QxxwaUZN0mwvi7L3lpOI7BqPCq7lgDh3XLl0dpeXwfcVIitlrYrw==",
      "dev": true
    },
    "safer-buffer": {
      "version": "2.1.2",
      "resolved": "https://registry.npmjs.org/safer-buffer/-/safer-buffer-2.1.2.tgz",
      "integrity": "sha512-YZo3K82SD7Riyi0E1EQPojLz7kpepnSQI9IyPbHHg1XXXevb5dJI7tpyN2ADxGcQbHG7vcyRHk0cbwqcQriUtg==",
      "dev": true
    },
    "strip-ansi": {
      "version": "0.1.1",
      "resolved": "https://registry.npmjs.org/strip-ansi/-/strip-ansi-0.1.1.tgz",
      "integrity": "sha512-behete+3uqxecWlDAm5lmskaSaISA+ThQ4oNNBDTBJt0x2ppR6IPqfZNuj6BLaLJ/Sji4TPZlcRyOis8wXQTLg==",
      "dev": true
    },
    "underscore": {
      "version": "1.6.0",
      "resolved": "https://registry.npmjs.org/underscore/-/underscore-1.6.0.tgz",
      "integrity": "sha512-z4o1fvKUojIWh9XuaVLUDdf86RQiq13AC1dmHbTpoyuu+bquHms76v16CjycCbec87J7z0k//SiQVk0sMdFmpQ==",
      "dev": true
    }
  }
}
